[[package]]
name = "pyserial"
version = "3.5"
description = "Python Serial Port Extension"
category = "main"
optional = false
python-versions = "*"

[package.extras]
cp2110 = ["hidapi"]

[metadata]
lock-version = "1.1"
python-versions = "^3.7"
content-hash = "59edea66ea105ac01f6740c3394e2fe68bca5cbe974a0e822dc572ddb269b88d"

[metadata.files]
pyserial = []
